
Microsoft Visual Studio Solution File, Format Version 12.00
# Visual Studio 15
VisualStudioVersion = 15.0.28307.489
MinimumVisualStudioVersion = 10.0.40219.1
Project("{FAE04EC0-301F-11D3-BF4B-00C04F79EFBC}") = "ABF_SheetSetManager", "ABF_SheetSetManager\ABF_SheetSetManager.csproj", "{D1B49369-4554-488A-B3E5-AAB093163663}"
EndProject
Global
	GlobalSection(SolutionConfigurationPlatforms) = preSolution
		Debug|Any CPU = Debug|Any CPU
		Release|Any CPU = Release|Any CPU
	EndGlobalSection
	GlobalSection(ProjectConfigurationPlatforms) = postSolution
		{D1B49369-4554-488A-B3E5-AAB093163663}.Debug|Any CPU.ActiveCfg = Debug|Any CPU
		{D1B49369-4554-488A-B3E5-AAB093163663}.Debug|Any CPU.Build.0 = Debug|Any CPU
		{D1B49369-4554-488A-B3E5-AAB093163663}.Release|Any CPU.ActiveCfg = Release|Any CPU
		{D1B49369-4554-488A-B3E5-AAB093163663}.Release|Any CPU.Build.0 = Release|Any CPU
	EndGlobalSection
	GlobalSection(SolutionProperties) = preSolution
		HideSolutionNode = FALSE
	EndGlobalSection
	GlobalSection(ExtensibilityGlobals) = postSolution
		SolutionGuid = {BE02A03A-38A2-4107-907D-9B05B63EACEC}
	EndGlobalSection
EndGlobal
